
Microsoft Visual Studio Solution File, Format Version 11.00
# Visual Studio 2010
Project("{FAE04EC0-301F-11D3-BF4B-00C04F79EFBC}") = "3Sicht", "Assembly-CSharp.csproj", "{B5BC7E83-88BB-CA30-1823-0DAF896FC700}"
EndProject
Project("{FAE04EC0-301F-11D3-BF4B-00C04F79EFBC}") = "3Sicht", "Assembly-CSharp-firstpass.csproj", "{6625E1DF-A130-AFAD-574D-936E8B2952F6}"
EndProject
Global
	GlobalSection(SolutionConfigurationPlatforms) = preSolution
		Debug|Any CPU = Debug|Any CPU
		Release|Any CPU = Release|Any CPU
	EndGlobalSection
	GlobalSection(ProjectConfigurationPlatforms) = postSolution
		{B5BC7E83-88BB-CA30-1823-0DAF896FC700}.Debug|Any CPU.ActiveCfg = Debug|Any CPU
		{B5BC7E83-88BB-CA30-1823-0DAF896FC700}.Debug|Any CPU.Build.0 = Debug|Any CPU
		{B5BC7E83-88BB-CA30-1823-0DAF896FC700}.Release|Any CPU.ActiveCfg = Release|Any CPU
		{B5BC7E83-88BB-CA30-1823-0DAF896FC700}.Release|Any CPU.Build.0 = Release|Any CPU
		{6625E1DF-A130-AFAD-574D-936E8B2952F6}.Debug|Any CPU.ActiveCfg = Debug|Any CPU
		{6625E1DF-A130-AFAD-574D-936E8B2952F6}.Debug|Any CPU.Build.0 = Debug|Any CPU
		{6625E1DF-A130-AFAD-574D-936E8B2952F6}.Release|Any CPU.ActiveCfg = Release|Any CPU
		{6625E1DF-A130-AFAD-574D-936E8B2952F6}.Release|Any CPU.Build.0 = Release|Any CPU
	EndGlobalSection
	GlobalSection(SolutionProperties) = preSolution
		HideSolutionNode = FALSE
	EndGlobalSection
	GlobalSection(MonoDevelopProperties) = preSolution
		StartupItem = Assembly-CSharp.csproj
	EndGlobalSection
EndGlobal
